
Microsoft Visual Studio Solution File, Format Version 12.00
# Visual Studio Version 17
VisualStudioVersion = 17.9.34622.214
MinimumVisualStudioVersion = 10.0.40219.1
Project("{FAE04EC0-301F-11D3-BF4B-00C04F79EFBC}") = "ExerciceFinale", "ExerciceFinale\ExerciceFinale.csproj", "{9AA2D335-923C-4BD5-BBBB-09B36621D339}"
EndProject
Project("{FAE04EC0-301F-11D3-BF4B-00C04F79EFBC}") = "Vehicules", "Vehicule\Vehicules.csproj", "{1EBB9968-AEC8-418C-B48A-B528CE62357B}"
EndProject
Global
	GlobalSection(SolutionConfigurationPlatforms) = preSolution
		Debug|Any CPU = Debug|Any CPU
		Release|Any CPU = Release|Any CPU
	EndGlobalSection
	GlobalSection(ProjectConfigurationPlatforms) = postSolution
		{9AA2D335-923C-4BD5-BBBB-09B36621D339}.Debug|Any CPU.ActiveCfg = Debug|Any CPU
		{9AA2D335-923C-4BD5-BBBB-09B36621D339}.Debug|Any CPU.Build.0 = Debug|Any CPU
		{9AA2D335-923C-4BD5-BBBB-09B36621D339}.Release|Any CPU.ActiveCfg = Release|Any CPU
		{9AA2D335-923C-4BD5-BBBB-09B36621D339}.Release|Any CPU.Build.0 = Release|Any CPU
		{1EBB9968-AEC8-418C-B48A-B528CE62357B}.Debug|Any CPU.ActiveCfg = Debug|Any CPU
		{1EBB9968-AEC8-418C-B48A-B528CE62357B}.Debug|Any CPU.Build.0 = Debug|Any CPU
		{1EBB9968-AEC8-418C-B48A-B528CE62357B}.Release|Any CPU.ActiveCfg = Release|Any CPU
		{1EBB9968-AEC8-418C-B48A-B528CE62357B}.Release|Any CPU.Build.0 = Release|Any CPU
	EndGlobalSection
	GlobalSection(SolutionProperties) = preSolution
		HideSolutionNode = FALSE
	EndGlobalSection
	GlobalSection(ExtensibilityGlobals) = postSolution
		SolutionGuid = {507F6097-81BB-4CDC-B66B-185D8B10B8A9}
	EndGlobalSection
EndGlobal
